
Microsoft Visual Studio Solution File, Format Version 12.00
# Visual Studio Version 16
VisualStudioVersion = 16.0.32228.343
MinimumVisualStudioVersion = 10.0.40219.1
Project("{9A19103F-16F7-4668-BE54-9A1E7A4F7556}") = "WebApplication1", "WebApplication1\WebApplication1.csproj", "{FC16C39B-B569-4B96-8A12-9DB5B4AFB63A}"
EndProject
Global
	GlobalSection(SolutionConfigurationPlatforms) = preSolution
		Debug|Any CPU = Debug|Any CPU
		Release|Any CPU = Release|Any CPU
	EndGlobalSection
	GlobalSection(ProjectConfigurationPlatforms) = postSolution
		{FC16C39B-B569-4B96-8A12-9DB5B4AFB63A}.Debug|Any CPU.ActiveCfg = Debug|Any CPU
		{FC16C39B-B569-4B96-8A12-9DB5B4AFB63A}.Debug|Any CPU.Build.0 = Debug|Any CPU
		{FC16C39B-B569-4B96-8A12-9DB5B4AFB63A}.Release|Any CPU.ActiveCfg = Release|Any CPU
		{FC16C39B-B569-4B96-8A12-9DB5B4AFB63A}.Release|Any CPU.Build.0 = Release|Any CPU
	EndGlobalSection
	GlobalSection(SolutionProperties) = preSolution
		HideSolutionNode = FALSE
	EndGlobalSection
	GlobalSection(ExtensibilityGlobals) = postSolution
		SolutionGuid = {7F962175-87C4-4A8C-AEBA-E933A2105DCC}
	EndGlobalSection
EndGlobal
